
Microsoft Visual Studio Solution File, Format Version 12.00
Project("{FAE04EC0-301F-11D3-BF4B-00C04F79EFBC}") = "todo-aspnetmvc-ui", "todo-aspnetmvc-ui\todo-aspnetmvc-ui.csproj", "{61851317-C11F-46CC-A85F-B55AD8A2C3A5}"
EndProject
Project("{FAE04EC0-301F-11D3-BF4B-00C04F79EFBC}") = "todo-domain-entities", "todo-domain-entities\todo-domain-entities.csproj", "{8269A93F-2DB1-4EB3-89C8-36A316DBA53C}"
EndProject
Project("{FAE04EC0-301F-11D3-BF4B-00C04F79EFBC}") = "todo-app-tests", "todo-app-tests\todo-app-tests.csproj", "{E0FFD97C-0C0E-4B12-9281-7C8B616BA23F}"
EndProject
Global
	GlobalSection(SolutionConfigurationPlatforms) = preSolution
		Debug|Any CPU = Debug|Any CPU
		Release|Any CPU = Release|Any CPU
	EndGlobalSection
	GlobalSection(ProjectConfigurationPlatforms) = postSolution
		{61851317-C11F-46CC-A85F-B55AD8A2C3A5}.Debug|Any CPU.ActiveCfg = Debug|Any CPU
		{61851317-C11F-46CC-A85F-B55AD8A2C3A5}.Debug|Any CPU.Build.0 = Debug|Any CPU
		{61851317-C11F-46CC-A85F-B55AD8A2C3A5}.Release|Any CPU.ActiveCfg = Release|Any CPU
		{61851317-C11F-46CC-A85F-B55AD8A2C3A5}.Release|Any CPU.Build.0 = Release|Any CPU
		{8269A93F-2DB1-4EB3-89C8-36A316DBA53C}.Debug|Any CPU.ActiveCfg = Debug|Any CPU
		{8269A93F-2DB1-4EB3-89C8-36A316DBA53C}.Debug|Any CPU.Build.0 = Debug|Any CPU
		{8269A93F-2DB1-4EB3-89C8-36A316DBA53C}.Release|Any CPU.ActiveCfg = Release|Any CPU
		{8269A93F-2DB1-4EB3-89C8-36A316DBA53C}.Release|Any CPU.Build.0 = Release|Any CPU
		{E0FFD97C-0C0E-4B12-9281-7C8B616BA23F}.Debug|Any CPU.ActiveCfg = Debug|Any CPU
		{E0FFD97C-0C0E-4B12-9281-7C8B616BA23F}.Debug|Any CPU.Build.0 = Debug|Any CPU
		{E0FFD97C-0C0E-4B12-9281-7C8B616BA23F}.Release|Any CPU.ActiveCfg = Release|Any CPU
		{E0FFD97C-0C0E-4B12-9281-7C8B616BA23F}.Release|Any CPU.Build.0 = Release|Any CPU
	EndGlobalSection
EndGlobal
